// !$*UTF8*$!
{
	archiveVersion = 1;
	classes = {
	};
	objectVersion = 46;
	objects = {

/* Begin PBXBuildFile section */
		8A0A126A1A8D3B0D006B69C9 /* Obstruction.swift in Sources */ = {isa = PBXBuildFile; fileRef = 8A0A12691A8D3B0D006B69C9 /* Obstruction.swift */; };
		8A35F78C1A96B6ED00E90FE0 /* Crashlytics.framework in Frameworks */ = {isa = PBXBuildFile; fileRef = 8A35F78A1A96B6ED00E90FE0 /* Crashlytics.framework */; };
		8A35F78D1A96B6ED00E90FE0 /* Fabric.framework in Frameworks */ = {isa = PBXBuildFile; fileRef = 8A35F78B1A96B6ED00E90FE0 /* Fabric.framework */; };
		8A5FF5CF1A98F53100E02B2A /* TutorialScene.swift in Sources */ = {isa = PBXBuildFile; fileRef = 8A5FF5CE1A98F53100E02B2A /* TutorialScene.swift */; };
		8A5FF5D11A98F63F00E02B2A /* TutorialViewController.swift in Sources */ = {isa = PBXBuildFile; fileRef = 8A5FF5D01A98F63F00E02B2A /* TutorialViewController.swift */; };
		8ABEB7E21A990A570088FC0B /* TutorialScene.sks in Resources */ = {isa = PBXBuildFile; fileRef = 8ABEB7E11A990A570088FC0B /* TutorialScene.sks */; };
		8AFEE4871A8E9C6B00BF6D79 /* Platform.swift in Sources */ = {isa = PBXBuildFile; fileRef = 8AFEE4861A8E9C6B00BF6D79 /* Platform.swift */; };
		8AFEE4891A8E9EAC00BF6D79 /* PowerUp.swift in Sources */ = {isa = PBXBuildFile; fileRef = 8AFEE4881A8E9EAC00BF6D79 /* PowerUp.swift */; };
		910A41E21A9B1BAB00D87213 /* SelectSoldier.mp3 in Resources */ = {isa = PBXBuildFile; fileRef = 910A41E11A9B1BAB00D87213 /* SelectSoldier.mp3 */; };
		910A41E41A9B1BC700D87213 /* SwitchSoldier.mp3 in Resources */ = {isa = PBXBuildFile; fileRef = 910A41E31A9B1BC700D87213 /* SwitchSoldier.mp3 */; };
		910A41E61A9B212C00D87213 /* WarheadSound.mp3 in Resources */ = {isa = PBXBuildFile; fileRef = 910A41E51A9B212C00D87213 /* WarheadSound.mp3 */; };
		910E16651A9B248F0008C750 /* ThemeOfKingsSnippet.mp3 in Resources */ = {isa = PBXBuildFile; fileRef = 910E16641A9B248F0008C750 /* ThemeOfKingsSnippet.mp3 */; };
		9110209A1A8D3D1D002532E9 /* Bullet.swift in Sources */ = {isa = PBXBuildFile; fileRef = 911020991A8D3D1D002532E9 /* Bullet.swift */; };
		9110209C1A8D45EE002532E9 /* WorldGenerator.swift in Sources */ = {isa = PBXBuildFile; fileRef = 9110209B1A8D45EE002532E9 /* WorldGenerator.swift */; };
		914ABA451A8D08EA008039D7 /* Object.swift in Sources */ = {isa = PBXBuildFile; fileRef = 914ABA441A8D08EA008039D7 /* Object.swift */; };
		915A81EA1A95336100509664 /* PhysicsCategory.swift in Sources */ = {isa = PBXBuildFile; fileRef = 915A81E91A95336100509664 /* PhysicsCategory.swift */; };
		915A81EC1A95393900509664 /* ScoreLabels.swift in Sources */ = {isa = PBXBuildFile; fileRef = 915A81EB1A95393900509664 /* ScoreLabels.swift */; };
		916376461A993B2600C3D4FC /* LeaderBoardCell.swift in Sources */ = {isa = PBXBuildFile; fileRef = 916376451A993B2600C3D4FC /* LeaderBoardCell.swift */; };
		9192E0471A978DBB00BF1911 /* OrbParticle.sks in Resources */ = {isa = PBXBuildFile; fileRef = 9192E0451A978DBB00BF1911 /* OrbParticle.sks */; };
		9192E0481A978DBB00BF1911 /* spark.png in Resources */ = {isa = PBXBuildFile; fileRef = 9192E0461A978DBB00BF1911 /* spark.png */; };
		91990D771A92869100553594 /* PowerUpOne.mp3 in Resources */ = {isa = PBXBuildFile; fileRef = 91990D741A92869100553594 /* PowerUpOne.mp3 */; };
		91990D781A92869100553594 /* PowerUpTwo.mp3 in Resources */ = {isa = PBXBuildFile; fileRef = 91990D751A92869100553594 /* PowerUpTwo.mp3 */; };
		91990D7A1A928DFC00553594 /* Explosion.mp3 in Resources */ = {isa = PBXBuildFile; fileRef = 91990D791A928DFC00553594 /* Explosion.mp3 */; };
		91990D7E1A92905900553594 /* Jump.mp3 in Resources */ = {isa = PBXBuildFile; fileRef = 91990D7D1A92905900553594 /* Jump.mp3 */; };
		919FC89B1A9B831F00DA7EA1 /* ConquerIt.mp3 in Resources */ = {isa = PBXBuildFile; fileRef = 919FC89A1A9B831F00DA7EA1 /* ConquerIt.mp3 */; };
		91A7931C1A9A4BC000FAC054 /* MainMenuViewController.swift in Sources */ = {isa = PBXBuildFile; fileRef = 91A7931B1A9A4BC000FAC054 /* MainMenuViewController.swift */; };
		91CEB7811A8BB2CD0055CB17 /* AppDelegate.swift in Sources */ = {isa = PBXBuildFile; fileRef = 91CEB7801A8BB2CD0055CB17 /* AppDelegate.swift */; };
		91CEB7831A8BB2CD0055CB17 /* GameScene.sks in Resources */ = {isa = PBXBuildFile; fileRef = 91CEB7821A8BB2CD0055CB17 /* GameScene.sks */; };
		91CEB7851A8BB2CD0055CB17 /* GameScene.swift in Sources */ = {isa = PBXBuildFile; fileRef = 91CEB7841A8BB2CD0055CB17 /* GameScene.swift */; };
		91CEB7871A8BB2CD0055CB17 /* GameViewController.swift in Sources */ = {isa = PBXBuildFile; fileRef = 91CEB7861A8BB2CD0055CB17 /* GameViewController.swift */; };
		91CEB78A1A8BB2CD0055CB17 /* Main.storyboard in Resources */ = {isa = PBXBuildFile; fileRef = 91CEB7881A8BB2CD0055CB17 /* Main.storyboard */; };
		91CEB78C1A8BB2CD0055CB17 /* Images.xcassets in Resources */ = {isa = PBXBuildFile; fileRef = 91CEB78B1A8BB2CD0055CB17 /* Images.xcassets */; };
		91CEB78F1A8BB2CD0055CB17 /* LaunchScreen.xib in Resources */ = {isa = PBXBuildFile; fileRef = 91CEB78D1A8BB2CD0055CB17 /* LaunchScreen.xib */; };
		91CEB79B1A8BB2CD0055CB17 /* SpriteKitGameMMTests.swift in Sources */ = {isa = PBXBuildFile; fileRef = 91CEB79A1A8BB2CD0055CB17 /* SpriteKitGameMMTests.swift */; };
		91CEB7A71A8BD02D0055CB17 /* Soldier.swift in Sources */ = {isa = PBXBuildFile; fileRef = 91CEB7A61A8BD02D0055CB17 /* Soldier.swift */; };
		91CEB7A91A8C07C20055CB17 /* ControllerButton.swift in Sources */ = {isa = PBXBuildFile; fileRef = 91CEB7A81A8C07C20055CB17 /* ControllerButton.swift */; };
		91DD163E1A8E51E0004742FA /* GirlSoldier.swift in Sources */ = {isa = PBXBuildFile; fileRef = 91DD163D1A8E51E0004742FA /* GirlSoldier.swift */; };
		91E7497A1A9CFD1C006BBB3E /* Bomb.swift in Sources */ = {isa = PBXBuildFile; fileRef = 91E749791A9CFD1C006BBB3E /* Bomb.swift */; };
		F74CBD231A9268A8006D283C /* Login.swift in Sources */ = {isa = PBXBuildFile; fileRef = F74CBD221A9268A8006D283C /* Login.swift */; };
		F74CBD251A926A7F006D283C /* PlayerSelection.swift in Sources */ = {isa = PBXBuildFile; fileRef = F74CBD241A926A7F006D283C /* PlayerSelection.swift */; };
		F77B4F621A990EF80026E7C7 /* LeaderBoardViewController.swift in Sources */ = {isa = PBXBuildFile; fileRef = F77B4F611A990EF80026E7C7 /* LeaderBoardViewController.swift */; };
		F7A80E281A916B840059F987 /* SignupScreen.swift in Sources */ = {isa = PBXBuildFile; fileRef = F7A80E271A916B840059F987 /* SignupScreen.swift */; };
		F7A80E2F1A9174D30059F987 /* Bolts.framework in Frameworks */ = {isa = PBXBuildFile; fileRef = F7A80E2A1A9174D30059F987 /* Bolts.framework */; };
		F7A80E301A9174D30059F987 /* Parse.framework in Frameworks */ = {isa = PBXBuildFile; fileRef = F7A80E2B1A9174D30059F987 /* Parse.framework */; };
		F7A80E311A9174D30059F987 /* ParseCrashReporting.framework in Frameworks */ = {isa = PBXBuildFile; fileRef = F7A80E2C1A9174D30059F987 /* ParseCrashReporting.framework */; };
		F7A80E321A9174D30059F987 /* ParseFacebookUtils.framework in Frameworks */ = {isa = PBXBuildFile; fileRef = F7A80E2D1A9174D30059F987 /* ParseFacebookUtils.framework */; };
		F7A80E331A9174D30059F987 /* ParseUI.framework in Frameworks */ = {isa = PBXBuildFile; fileRef = F7A80E2E1A9174D30059F987 /* ParseUI.framework */; };
		F7A80E351A9174E20059F987 /* Accounts.framework in Frameworks */ = {isa = PBXBuildFile; fileRef = F7A80E341A9174E20059F987 /* Accounts.framework */; };
		F7A80E371A9174EF0059F987 /* CoreLocation.framework in Frameworks */ = {isa = PBXBuildFile; fileRef = F7A80E361A9174EF0059F987 /* CoreLocation.framework */; };
		F7A80E391A9174F50059F987 /* CoreGraphics.framework in Frameworks */ = {isa = PBXBuildFile; fileRef = F7A80E381A9174F50059F987 /* CoreGraphics.framework */; };
		F7A80E3B1A9174FC0059F987 /* StoreKit.framework in Frameworks */ = {isa = PBXBuildFile; fileRef = F7A80E3A1A9174FC0059F987 /* StoreKit.framework */; };
		F7A80E3D1A9175040059F987 /* AudioToolbox.framework in Frameworks */ = {isa = PBXBuildFile; fileRef = F7A80E3C1A9175040059F987 /* AudioToolbox.framework */; };
		F7A80E3F1A91750D0059F987 /* CFNetwork.framework in Frameworks */ = {isa = PBXBuildFile; fileRef = F7A80E3E1A91750D0059F987 /* CFNetwork.framework */; };
		F7A80E411A9175150059F987 /* libz.dylib in Frameworks */ = {isa = PBXBuildFile; fileRef = F7A80E401A9175150059F987 /* libz.dylib */; };
		F7A80E431A91751C0059F987 /* MobileCoreServices.framework in Frameworks */ = {isa = PBXBuildFile; fileRef = F7A80E421A91751C0059F987 /* MobileCoreServices.framework */; };
		F7A80E451A9175220059F987 /* QuartzCore.framework in Frameworks */ = {isa = PBXBuildFile; fileRef = F7A80E441A9175220059F987 /* QuartzCore.framework */; };
		F7A80E471A9175290059F987 /* Security.framework in Frameworks */ = {isa = PBXBuildFile; fileRef = F7A80E461A9175290059F987 /* Security.framework */; };
		F7A80E491A91753F0059F987 /* SystemConfiguration.framework in Frameworks */ = {isa = PBXBuildFile; fileRef = F7A80E481A91753F0059F987 /* SystemConfiguration.framework */; };
		F7A80E4B1A9175500059F987 /* libsqlite3.dylib in Frameworks */ = {isa = PBXBuildFile; fileRef = F7A80E4A1A9175500059F987 /* libsqlite3.dylib */; };
		F7B72D581A92920800CE9C5A /* FacebookSDK.framework in Frameworks */ = {isa = PBXBuildFile; fileRef = F7B72D571A92920800CE9C5A /* FacebookSDK.framework */; };
/* End PBXBuildFile section */

/* Begin PBXContainerItemProxy section */
		91CEB7951A8BB2CD0055CB17 /* PBXContainerItemProxy */ = {
			isa = PBXContainerItemProxy;
			containerPortal = 91CEB7731A8BB2CD0055CB17 /* Project object */;
			proxyType = 1;
			remoteGlobalIDString = 91CEB77A1A8BB2CD0055CB17;
			remoteInfo = SpriteKitGameMM;
		};
/* End PBXContainerItemProxy section */

/* Begin PBXFileReference section */
		8A0A12691A8D3B0D006B69C9 /* Obstruction.swift */ = {isa = PBXFileReference; fileEncoding = 4; lastKnownFileType = sourcecode.swift; path = Obstruction.swift; sourceTree = "<group>"; };
		8A35F78A1A96B6ED00E90FE0 /* Crashlytics.framework */ = {isa = PBXFileReference; lastKnownFileType = wrapper.framework; path = Crashlytics.framework; sourceTree = "<group>"; };
		8A35F78B1A96B6ED00E90FE0 /* Fabric.framework */ = {isa = PBXFileReference; lastKnownFileType = wrapper.framework; path = Fabric.framework; sourceTree = "<group>"; };
		8A5FF5CE1A98F53100E02B2A /* TutorialScene.swift */ = {isa = PBXFileReference; fileEncoding = 4; lastKnownFileType = sourcecode.swift; path = TutorialScene.swift; sourceTree = "<group>"; };
		8A5FF5D01A98F63F00E02B2A /* TutorialViewController.swift */ = {isa = PBXFileReference; fileEncoding = 4; lastKnownFileType = sourcecode.swift; path = TutorialViewController.swift; sourceTree = "<group>"; };
		8ABEB7E11A990A570088FC0B /* TutorialScene.sks */ = {isa = PBXFileReference; lastKnownFileType = file.sks; path = TutorialScene.sks; sourceTree = "<group>"; };
		8AFEE4861A8E9C6B00BF6D79 /* Platform.swift */ = {isa = PBXFileReference; fileEncoding = 4; lastKnownFileType = sourcecode.swift; path = Platform.swift; sourceTree = "<group>"; };
		8AFEE4881A8E9EAC00BF6D79 /* PowerUp.swift */ = {isa = PBXFileReference; fileEncoding = 4; lastKnownFileType = sourcecode.swift; path = PowerUp.swift; sourceTree = "<group>"; };
		910A41E11A9B1BAB00D87213 /* SelectSoldier.mp3 */ = {isa = PBXFileReference; lastKnownFileType = audio.mp3; path = SelectSoldier.mp3; sourceTree = "<group>"; };
		910A41E31A9B1BC700D87213 /* SwitchSoldier.mp3 */ = {isa = PBXFileReference; lastKnownFileType = audio.mp3; path = SwitchSoldier.mp3; sourceTree = "<group>"; };
		910A41E51A9B212C00D87213 /* WarheadSound.mp3 */ = {isa = PBXFileReference; lastKnownFileType = audio.mp3; path = WarheadSound.mp3; sourceTree = "<group>"; };
		910E16641A9B248F0008C750 /* ThemeOfKingsSnippet.mp3 */ = {isa = PBXFileReference; lastKnownFileType = audio.mp3; path = ThemeOfKingsSnippet.mp3; sourceTree = "<group>"; };
		911020991A8D3D1D002532E9 /* Bullet.swift */ = {isa = PBXFileReference; fileEncoding = 4; lastKnownFileType = sourcecode.swift; path = Bullet.swift; sourceTree = "<group>"; };
		9110209B1A8D45EE002532E9 /* WorldGenerator.swift */ = {isa = PBXFileReference; fileEncoding = 4; lastKnownFileType = sourcecode.swift; path = WorldGenerator.swift; sourceTree = "<group>"; };
		914ABA441A8D08EA008039D7 /* Object.swift */ = {isa = PBXFileReference; fileEncoding = 4; lastKnownFileType = sourcecode.swift; path = Object.swift; sourceTree = "<group>"; };
		915A81E91A95336100509664 /* PhysicsCategory.swift */ = {isa = PBXFileReference; fileEncoding = 4; lastKnownFileType = sourcecode.swift; path = PhysicsCategory.swift; sourceTree = "<group>"; };
		915A81EB1A95393900509664 /* ScoreLabels.swift */ = {isa = PBXFileReference; fileEncoding = 4; lastKnownFileType = sourcecode.swift; path = ScoreLabels.swift; sourceTree = "<group>"; };
		916376451A993B2600C3D4FC /* LeaderBoardCell.swift */ = {isa = PBXFileReference; fileEncoding = 4; lastKnownFileType = sourcecode.swift; name = LeaderBoardCell.swift; path = SpriteKitGameMM/LeaderBoardCell.swift; sourceTree = "<group>"; };
		9192E0451A978DBB00BF1911 /* OrbParticle.sks */ = {isa = PBXFileReference; lastKnownFileType = file.sks; path = OrbParticle.sks; sourceTree = "<group>"; };
		9192E0461A978DBB00BF1911 /* spark.png */ = {isa = PBXFileReference; lastKnownFileType = image.png; path = spark.png; sourceTree = "<group>"; };
		91990D741A92869100553594 /* PowerUpOne.mp3 */ = {isa = PBXFileReference; lastKnownFileType = audio.mp3; path = PowerUpOne.mp3; sourceTree = "<group>"; };
		91990D751A92869100553594 /* PowerUpTwo.mp3 */ = {isa = PBXFileReference; lastKnownFileType = audio.mp3; path = PowerUpTwo.mp3; sourceTree = "<group>"; };
		91990D791A928DFC00553594 /* Explosion.mp3 */ = {isa = PBXFileReference; lastKnownFileType = audio.mp3; path = Explosion.mp3; sourceTree = "<group>"; };
		91990D7D1A92905900553594 /* Jump.mp3 */ = {isa = PBXFileReference; lastKnownFileType = audio.mp3; path = Jump.mp3; sourceTree = "<group>"; };
		919FC89A1A9B831F00DA7EA1 /* ConquerIt.mp3 */ = {isa = PBXFileReference; lastKnownFileType = audio.mp3; path = ConquerIt.mp3; sourceTree = "<group>"; };
		91A7931B1A9A4BC000FAC054 /* MainMenuViewController.swift */ = {isa = PBXFileReference; fileEncoding = 4; lastKnownFileType = sourcecode.swift; path = MainMenuViewController.swift; sourceTree = "<group>"; };
		91CEB77B1A8BB2CD0055CB17 /* SpriteKitGameMM.app */ = {isa = PBXFileReference; explicitFileType = wrapper.application; includeInIndex = 0; path = SpriteKitGameMM.app; sourceTree = BUILT_PRODUCTS_DIR; };
		91CEB77F1A8BB2CD0055CB17 /* Info.plist */ = {isa = PBXFileReference; lastKnownFileType = text.plist.xml; path = Info.plist; sourceTree = "<group>"; };
		91CEB7801A8BB2CD0055CB17 /* AppDelegate.swift */ = {isa = PBXFileReference; lastKnownFileType = sourcecode.swift; path = AppDelegate.swift; sourceTree = "<group>"; };
		91CEB7821A8BB2CD0055CB17 /* GameScene.sks */ = {isa = PBXFileReference; lastKnownFileType = file.sks; path = GameScene.sks; sourceTree = "<group>"; };
		91CEB7841A8BB2CD0055CB17 /* GameScene.swift */ = {isa = PBXFileReference; lastKnownFileType = sourcecode.swift; path = GameScene.swift; sourceTree = "<group>"; };
		91CEB7861A8BB2CD0055CB17 /* GameViewController.swift */ = {isa = PBXFileReference; lastKnownFileType = sourcecode.swift; path = GameViewController.swift; sourceTree = "<group>"; };
		91CEB7891A8BB2CD0055CB17 /* Base */ = {isa = PBXFileReference; lastKnownFileType = file.storyboard; name = Base; path = Base.lproj/Main.storyboard; sourceTree = "<group>"; };
		91CEB78B1A8BB2CD0055CB17 /* Images.xcassets */ = {isa = PBXFileReference; lastKnownFileType = folder.assetcatalog; name = Images.xcassets; path = SpriteKitGameMM/Images.xcassets; sourceTree = "<group>"; };
		91CEB78E1A8BB2CD0055CB17 /* Base */ = {isa = PBXFileReference; lastKnownFileType = file.xib; name = Base; path = Base.lproj/LaunchScreen.xib; sourceTree = "<group>"; };
		91CEB7941A8BB2CD0055CB17 /* SpriteKitGameMMTests.xctest */ = {isa = PBXFileReference; explicitFileType = wrapper.cfbundle; includeInIndex = 0; path = SpriteKitGameMMTests.xctest; sourceTree = BUILT_PRODUCTS_DIR; };
		91CEB7991A8BB2CD0055CB17 /* Info.plist */ = {isa = PBXFileReference; lastKnownFileType = text.plist.xml; path = Info.plist; sourceTree = "<group>"; };
		91CEB79A1A8BB2CD0055CB17 /* SpriteKitGameMMTests.swift */ = {isa = PBXFileReference; lastKnownFileType = sourcecode.swift; path = SpriteKitGameMMTests.swift; sourceTree = "<group>"; };
		91CEB7A61A8BD02D0055CB17 /* Soldier.swift */ = {isa = PBXFileReference; fileEncoding = 4; lastKnownFileType = sourcecode.swift; path = Soldier.swift; sourceTree = "<group>"; };
		91CEB7A81A8C07C20055CB17 /* ControllerButton.swift */ = {isa = PBXFileReference; fileEncoding = 4; lastKnownFileType = sourcecode.swift; path = ControllerButton.swift; sourceTree = "<group>"; };
		91DD163D1A8E51E0004742FA /* GirlSoldier.swift */ = {isa = PBXFileReference; fileEncoding = 4; lastKnownFileType = sourcecode.swift; path = GirlSoldier.swift; sourceTree = "<group>"; };
		91DD16401A8E5CF3004742FA /* PlayinAroundForGame.playground */ = {isa = PBXFileReference; lastKnownFileType = file.playground; path = PlayinAroundForGame.playground; sourceTree = "<group>"; };
		91E749791A9CFD1C006BBB3E /* Bomb.swift */ = {isa = PBXFileReference; fileEncoding = 4; lastKnownFileType = sourcecode.swift; name = Bomb.swift; path = SpriteKitGameMM/Bomb.swift; sourceTree = "<group>"; };
		F74CBD211A924B46006D283C /* BridgeHeader.h */ = {isa = PBXFileReference; lastKnownFileType = sourcecode.c.h; path = BridgeHeader.h; sourceTree = "<group>"; };
		F74CBD221A9268A8006D283C /* Login.swift */ = {isa = PBXFileReference; fileEncoding = 4; lastKnownFileType = sourcecode.swift; path = Login.swift; sourceTree = "<group>"; };
		F74CBD241A926A7F006D283C /* PlayerSelection.swift */ = {isa = PBXFileReference; fileEncoding = 4; lastKnownFileType = sourcecode.swift; path = PlayerSelection.swift; sourceTree = "<group>"; };
		F77B4F611A990EF80026E7C7 /* LeaderBoardViewController.swift */ = {isa = PBXFileReference; fileEncoding = 4; lastKnownFileType = sourcecode.swift; path = LeaderBoardViewController.swift; sourceTree = "<group>"; };
		F7A80E271A916B840059F987 /* SignupScreen.swift */ = {isa = PBXFileReference; fileEncoding = 4; lastKnownFileType = sourcecode.swift; path = SignupScreen.swift; sourceTree = "<group>"; };
		F7A80E2A1A9174D30059F987 /* Bolts.framework */ = {isa = PBXFileReference; lastKnownFileType = wrapper.framework; path = Bolts.framework; sourceTree = "<group>"; };
		F7A80E2B1A9174D30059F987 /* Parse.framework */ = {isa = PBXFileReference; lastKnownFileType = wrapper.framework; path = Parse.framework; sourceTree = "<group>"; };
		F7A80E2C1A9174D30059F987 /* ParseCrashReporting.framework */ = {isa = PBXFileReference; lastKnownFileType = wrapper.framework; path = ParseCrashReporting.framework; sourceTree = "<group>"; };
		F7A80E2D1A9174D30059F987 /* ParseFacebookUtils.framework */ = {isa = PBXFileReference; lastKnownFileType = wrapper.framework; path = ParseFacebookUtils.framework; sourceTree = "<group>"; };
		F7A80E2E1A9174D30059F987 /* ParseUI.framework */ = {isa = PBXFileReference; lastKnownFileType = wrapper.framework; path = ParseUI.framework; sourceTree = "<group>"; };
		F7A80E341A9174E20059F987 /* Accounts.framework */ = {isa = PBXFileReference; lastKnownFileType = wrapper.framework; name = Accounts.framework; path = System/Library/Frameworks/Accounts.framework; sourceTree = SDKROOT; };
		F7A80E361A9174EF0059F987 /* CoreLocation.framework */ = {isa = PBXFileReference; lastKnownFileType = wrapper.framework; name = CoreLocation.framework; path = System/Library/Frameworks/CoreLocation.framework; sourceTree = SDKROOT; };
		F7A80E381A9174F50059F987 /* CoreGraphics.framework */ = {isa = PBXFileReference; lastKnownFileType = wrapper.framework; name = CoreGraphics.framework; path = System/Library/Frameworks/CoreGraphics.framework; sourceTree = SDKROOT; };
		F7A80E3A1A9174FC0059F987 /* StoreKit.framework */ = {isa = PBXFileReference; lastKnownFileType = wrapper.framework; name = StoreKit.framework; path = System/Library/Frameworks/StoreKit.framework; sourceTree = SDKROOT; };
		F7A80E3C1A9175040059F987 /* AudioToolbox.framework */ = {isa = PBXFileReference; lastKnownFileType = wrapper.framework; name = AudioToolbox.framework; path = System/Library/Frameworks/AudioToolbox.framework; sourceTree = SDKROOT; };
		F7A80E3E1A91750D0059F987 /* CFNetwork.framework */ = {isa = PBXFileReference; lastKnownFileType = wrapper.framework; name = CFNetwork.framework; path = System/Library/Frameworks/CFNetwork.framework; sourceTree = SDKROOT; };
		F7A80E401A9175150059F987 /* libz.dylib */ = {isa = PBXFileReference; lastKnownFileType = "compiled.mach-o.dylib"; name = libz.dylib; path = usr/lib/libz.dylib; sourceTree = SDKROOT; };
		F7A80E421A91751C0059F987 /* MobileCoreServices.framework */ = {isa = PBXFileReference; lastKnownFileType = wrapper.framework; name = MobileCoreServices.framework; path = System/Library/Frameworks/MobileCoreServices.framework; sourceTree = SDKROOT; };
		F7A80E441A9175220059F987 /* QuartzCore.framework */ = {isa = PBXFileReference; lastKnownFileType = wrapper.framework; name = QuartzCore.framework; path = System/Library/Frameworks/QuartzCore.framework; sourceTree = SDKROOT; };
		F7A80E461A9175290059F987 /* Security.framework */ = {isa = PBXFileReference; lastKnownFileType = wrapper.framework; name = Security.framework; path = System/Library/Frameworks/Security.framework; sourceTree = SDKROOT; };
		F7A80E481A91753F0059F987 /* SystemConfiguration.framework */ = {isa = PBXFileReference; lastKnownFileType = wrapper.framework; name = SystemConfiguration.framework; path = System/Library/Frameworks/SystemConfiguration.framework; sourceTree = SDKROOT; };
		F7A80E4A1A9175500059F987 /* libsqlite3.dylib */ = {isa = PBXFileReference; lastKnownFileType = "compiled.mach-o.dylib"; name = libsqlite3.dylib; path = usr/lib/libsqlite3.dylib; sourceTree = SDKROOT; };
		F7B72D571A92920800CE9C5A /* FacebookSDK.framework */ = {isa = PBXFileReference; lastKnownFileType = wrapper.framework; name = FacebookSDK.framework; path = SpriteKitGameMM/FacebookSDK.framework; sourceTree = "<group>"; };
/* End PBXFileReference section */

/* Begin PBXFrameworksBuildPhase section */
		91CEB7781A8BB2CD0055CB17 /* Frameworks */ = {
			isa = PBXFrameworksBuildPhase;
			buildActionMask = 2147483647;
			files = (
				F7A80E4B1A9175500059F987 /* libsqlite3.dylib in Frameworks */,
				F7A80E491A91753F0059F987 /* SystemConfiguration.framework in Frameworks */,
				8A35F78C1A96B6ED00E90FE0 /* Crashlytics.framework in Frameworks */,
				F7A80E3B1A9174FC0059F987 /* StoreKit.framework in Frameworks */,
				F7A80E471A9175290059F987 /* Security.framework in Frameworks */,
				F7A80E451A9175220059F987 /* QuartzCore.framework in Frameworks */,
				F7B72D581A92920800CE9C5A /* FacebookSDK.framework in Frameworks */,
				F7A80E431A91751C0059F987 /* MobileCoreServices.framework in Frameworks */,
				F7A80E411A9175150059F987 /* libz.dylib in Frameworks */,
				F7A80E3F1A91750D0059F987 /* CFNetwork.framework in Frameworks */,
				F7A80E3D1A9175040059F987 /* AudioToolbox.framework in Frameworks */,
				8A35F78D1A96B6ED00E90FE0 /* Fabric.framework in Frameworks */,
				F7A80E391A9174F50059F987 /* CoreGraphics.framework in Frameworks */,
				F7A80E371A9174EF0059F987 /* CoreLocation.framework in Frameworks */,
				F7A80E351A9174E20059F987 /* Accounts.framework in Frameworks */,
				F7A80E301A9174D30059F987 /* Parse.framework in Frameworks */,
				F7A80E311A9174D30059F987 /* ParseCrashReporting.framework in Frameworks */,
				F7A80E331A9174D30059F987 /* ParseUI.framework in Frameworks */,
				F7A80E321A9174D30059F987 /* ParseFacebookUtils.framework in Frameworks */,
				F7A80E2F1A9174D30059F987 /* Bolts.framework in Frameworks */,
			);
			runOnlyForDeploymentPostprocessing = 0;
		};
		91CEB7911A8BB2CD0055CB17 /* Frameworks */ = {
			isa = PBXFrameworksBuildPhase;
			buildActionMask = 2147483647;
			files = (
			);
			runOnlyForDeploymentPostprocessing = 0;
		};
/* End PBXFrameworksBuildPhase section */

/* Begin PBXGroup section */
		9102BF891A8ECF7A008E08CA /* Controllers */ = {
			isa = PBXGroup;
			children = (
				91A7931B1A9A4BC000FAC054 /* MainMenuViewController.swift */,
				91CEB7861A8BB2CD0055CB17 /* GameViewController.swift */,
				8A5FF5D01A98F63F00E02B2A /* TutorialViewController.swift */,
				91CEB7A81A8C07C20055CB17 /* ControllerButton.swift */,
				F74CBD221A9268A8006D283C /* Login.swift */,
				F77B4F611A990EF80026E7C7 /* LeaderBoardViewController.swift */,
				F74CBD241A926A7F006D283C /* PlayerSelection.swift */,
				F7A80E271A916B840059F987 /* SignupScreen.swift */,
			);
			name = Controllers;
			sourceTree = "<group>";
		};
		91990D721A92835D00553594 /* SoundFX */ = {
			isa = PBXGroup;
			children = (
				91990D7D1A92905900553594 /* Jump.mp3 */,
				91990D791A928DFC00553594 /* Explosion.mp3 */,
				910A41E11A9B1BAB00D87213 /* SelectSoldier.mp3 */,
				910A41E51A9B212C00D87213 /* WarheadSound.mp3 */,
				919FC89A1A9B831F00DA7EA1 /* ConquerIt.mp3 */,
				91990D741A92869100553594 /* PowerUpOne.mp3 */,
				910E16641A9B248F0008C750 /* ThemeOfKingsSnippet.mp3 */,
				910A41E31A9B1BC700D87213 /* SwitchSoldier.mp3 */,
				91990D751A92869100553594 /* PowerUpTwo.mp3 */,
			);
			name = SoundFX;
			path = ..;
			sourceTree = "<group>";
		};
		91CEB7721A8BB2CD0055CB17 = {
			isa = PBXGroup;
			children = (
				91E749791A9CFD1C006BBB3E /* Bomb.swift */,
				91CEB7881A8BB2CD0055CB17 /* Main.storyboard */,
				916376451A993B2600C3D4FC /* LeaderBoardCell.swift */,
				91CEB78B1A8BB2CD0055CB17 /* Images.xcassets */,
				91CEB77D1A8BB2CD0055CB17 /* SpriteKitGameMM */,
				91CEB7971A8BB2CD0055CB17 /* SpriteKitGameMMTests */,
				91CEB77C1A8BB2CD0055CB17 /* Products */,
				8A35F78A1A96B6ED00E90FE0 /* Crashlytics.framework */,
				8A35F78B1A96B6ED00E90FE0 /* Fabric.framework */,
			);
			sourceTree = "<group>";
		};
		91CEB77C1A8BB2CD0055CB17 /* Products */ = {
			isa = PBXGroup;
			children = (
				91CEB77B1A8BB2CD0055CB17 /* SpriteKitGameMM.app */,
				91CEB7941A8BB2CD0055CB17 /* SpriteKitGameMMTests.xctest */,
			);
			name = Products;
			sourceTree = "<group>";
		};
		91CEB77D1A8BB2CD0055CB17 /* SpriteKitGameMM */ = {
			isa = PBXGroup;
			children = (
				91DD16401A8E5CF3004742FA /* PlayinAroundForGame.playground */,
				915A81E91A95336100509664 /* PhysicsCategory.swift */,
				91CEB7841A8BB2CD0055CB17 /* GameScene.swift */,
				8A5FF5CE1A98F53100E02B2A /* TutorialScene.swift */,
				9192E0451A978DBB00BF1911 /* OrbParticle.sks */,
				9192E0461A978DBB00BF1911 /* spark.png */,
				915A81EB1A95393900509664 /* ScoreLabels.swift */,
				9110209B1A8D45EE002532E9 /* WorldGenerator.swift */,
				91DD163F1A8E58B6004742FA /* Model/Objects */,
				9102BF891A8ECF7A008E08CA /* Controllers */,
				F74CBD211A924B46006D283C /* BridgeHeader.h */,
				914ABA441A8D08EA008039D7 /* Object.swift */,
				91990D721A92835D00553594 /* SoundFX */,
				F7A80E4C1A9175930059F987 /* Frameworks */,
				F7A80E291A9174D30059F987 /* parse1 */,
				91CEB7AA1A8C07DA0055CB17 /* Defaults */,
				91CEB77E1A8BB2CD0055CB17 /* Supporting Files */,
			);
			path = SpriteKitGameMM;
			sourceTree = "<group>";
		};
		91CEB77E1A8BB2CD0055CB17 /* Supporting Files */ = {
			isa = PBXGroup;
			children = (
				91CEB77F1A8BB2CD0055CB17 /* Info.plist */,
			);
			name = "Supporting Files";
			sourceTree = "<group>";
		};
		91CEB7971A8BB2CD0055CB17 /* SpriteKitGameMMTests */ = {
			isa = PBXGroup;
			children = (
				91CEB79A1A8BB2CD0055CB17 /* SpriteKitGameMMTests.swift */,
				91CEB7981A8BB2CD0055CB17 /* Supporting Files */,
			);
			path = SpriteKitGameMMTests;
			sourceTree = "<group>";
		};
		91CEB7981A8BB2CD0055CB17 /* Supporting Files */ = {
			isa = PBXGroup;
			children = (
				91CEB7991A8BB2CD0055CB17 /* Info.plist */,
			);
			name = "Supporting Files";
			sourceTree = "<group>";
		};
		91CEB7AA1A8C07DA0055CB17 /* Defaults */ = {
			isa = PBXGroup;
			children = (
				91CEB7801A8BB2CD0055CB17 /* AppDelegate.swift */,
				91CEB7821A8BB2CD0055CB17 /* GameScene.sks */,
				8ABEB7E11A990A570088FC0B /* TutorialScene.sks */,
				91CEB78D1A8BB2CD0055CB17 /* LaunchScreen.xib */,
			);
			name = Defaults;
			sourceTree = "<group>";
		};
		91DD163F1A8E58B6004742FA /* Model/Objects */ = {
			isa = PBXGroup;
			children = (
				911020991A8D3D1D002532E9 /* Bullet.swift */,
				91DD163D1A8E51E0004742FA /* GirlSoldier.swift */,
				91CEB7A61A8BD02D0055CB17 /* Soldier.swift */,
				8A0A12691A8D3B0D006B69C9 /* Obstruction.swift */,
				8AFEE4861A8E9C6B00BF6D79 /* Platform.swift */,
				8AFEE4881A8E9EAC00BF6D79 /* PowerUp.swift */,
			);
			name = Model/Objects;
			sourceTree = "<group>";
		};
		F7A80E291A9174D30059F987 /* parse1 */ = {
			isa = PBXGroup;
			children = (
				F7A80E2A1A9174D30059F987 /* Bolts.framework */,
				F7A80E2B1A9174D30059F987 /* Parse.framework */,
				F7A80E2C1A9174D30059F987 /* ParseCrashReporting.framework */,
				F7A80E2D1A9174D30059F987 /* ParseFacebookUtils.framework */,
				F7A80E2E1A9174D30059F987 /* ParseUI.framework */,
			);
			path = parse1;
			sourceTree = "<group>";
		};
		F7A80E4C1A9175930059F987 /* Frameworks */ = {
			isa = PBXGroup;
			children = (
				F7B72D571A92920800CE9C5A /* FacebookSDK.framework */,
				F7A80E4A1A9175500059F987 /* libsqlite3.dylib */,
				F7A80E481A91753F0059F987 /* SystemConfiguration.framework */,
				F7A80E461A9175290059F987 /* Security.framework */,
				F7A80E441A9175220059F987 /* QuartzCore.framework */,
				F7A80E421A91751C0059F987 /* MobileCoreServices.framework */,
				F7A80E401A9175150059F987 /* libz.dylib */,
				F7A80E3E1A91750D0059F987 /* CFNetwork.framework */,
				F7A80E3C1A9175040059F987 /* AudioToolbox.framework */,
				F7A80E3A1A9174FC0059F987 /* StoreKit.framework */,
				F7A80E381A9174F50059F987 /* CoreGraphics.framework */,
				F7A80E361A9174EF0059F987 /* CoreLocation.framework */,
				F7A80E341A9174E20059F987 /* Accounts.framework */,
			);
			name = Frameworks;
			path = ..;
			sourceTree = "<group>";
		};
/* End PBXGroup section */

/* Begin PBXNativeTarget section */
		91CEB77A1A8BB2CD0055CB17 /* SpriteKitGameMM */ = {
			isa = PBXNativeTarget;
			buildConfigurationList = 91CEB79E1A8BB2CD0055CB17 /* Build configuration list for PBXNativeTarget "SpriteKitGameMM" */;
			buildPhases = (
				91CEB7771A8BB2CD0055CB17 /* Sources */,
				91CEB7781A8BB2CD0055CB17 /* Frameworks */,
				91CEB7791A8BB2CD0055CB17 /* Resources */,
				8A35F7891A96B65D00E90FE0 /* ShellScript */,
			);
			buildRules = (
			);
			dependencies = (
			);
			name = SpriteKitGameMM;
			productName = SpriteKitGameMM;
			productReference = 91CEB77B1A8BB2CD0055CB17 /* SpriteKitGameMM.app */;
			productType = "com.apple.product-type.application";
		};
		91CEB7931A8BB2CD0055CB17 /* SpriteKitGameMMTests */ = {
			isa = PBXNativeTarget;
			buildConfigurationList = 91CEB7A11A8BB2CD0055CB17 /* Build configuration list for PBXNativeTarget "SpriteKitGameMMTests" */;
			buildPhases = (
				91CEB7901A8BB2CD0055CB17 /* Sources */,
				91CEB7911A8BB2CD0055CB17 /* Frameworks */,
				91CEB7921A8BB2CD0055CB17 /* Resources */,
			);
			buildRules = (
			);
			dependencies = (
				91CEB7961A8BB2CD0055CB17 /* PBXTargetDependency */,
			);
			name = SpriteKitGameMMTests;
			productName = SpriteKitGameMMTests;
			productReference = 91CEB7941A8BB2CD0055CB17 /* SpriteKitGameMMTests.xctest */;
			productType = "com.apple.product-type.bundle.unit-test";
		};
/* End PBXNativeTarget section */

/* Begin PBXProject section */
		91CEB7731A8BB2CD0055CB17 /* Project object */ = {
			isa = PBXProject;
			attributes = {
				LastUpgradeCheck = 0610;
				ORGANIZATIONNAME = "Aaron Bradley";
				TargetAttributes = {
					91CEB77A1A8BB2CD0055CB17 = {
						CreatedOnToolsVersion = 6.1.1;
						DevelopmentTeam = F8C9TB8Q69;
					};
					91CEB7931A8BB2CD0055CB17 = {
						CreatedOnToolsVersion = 6.1.1;
						TestTargetID = 91CEB77A1A8BB2CD0055CB17;
					};
				};
			};
			buildConfigurationList = 91CEB7761A8BB2CD0055CB17 /* Build configuration list for PBXProject "SpriteKitGameMM" */;
			compatibilityVersion = "Xcode 3.2";
			developmentRegion = English;
			hasScannedForEncodings = 0;
			knownRegions = (
				en,
				Base,
			);
			mainGroup = 91CEB7721A8BB2CD0055CB17;
			productRefGroup = 91CEB77C1A8BB2CD0055CB17 /* Products */;
			projectDirPath = "";
			projectRoot = "";
			targets = (
				91CEB77A1A8BB2CD0055CB17 /* SpriteKitGameMM */,
				91CEB7931A8BB2CD0055CB17 /* SpriteKitGameMMTests */,
			);
		};
/* End PBXProject section */

/* Begin PBXResourcesBuildPhase section */
		91CEB7791A8BB2CD0055CB17 /* Resources */ = {
			isa = PBXResourcesBuildPhase;
			buildActionMask = 2147483647;
			files = (
				91CEB78F1A8BB2CD0055CB17 /* LaunchScreen.xib in Resources */,
				910A41E21A9B1BAB00D87213 /* SelectSoldier.mp3 in Resources */,
				9192E0471A978DBB00BF1911 /* OrbParticle.sks in Resources */,
				91CEB78C1A8BB2CD0055CB17 /* Images.xcassets in Resources */,
				91990D7E1A92905900553594 /* Jump.mp3 in Resources */,
				919FC89B1A9B831F00DA7EA1 /* ConquerIt.mp3 in Resources */,
				91990D781A92869100553594 /* PowerUpTwo.mp3 in Resources */,
				9192E0481A978DBB00BF1911 /* spark.png in Resources */,
				910A41E61A9B212C00D87213 /* WarheadSound.mp3 in Resources */,
				8ABEB7E21A990A570088FC0B /* TutorialScene.sks in Resources */,
				91990D7A1A928DFC00553594 /* Explosion.mp3 in Resources */,
				91CEB7831A8BB2CD0055CB17 /* GameScene.sks in Resources */,
				910A41E41A9B1BC700D87213 /* SwitchSoldier.mp3 in Resources */,
				910E16651A9B248F0008C750 /* ThemeOfKingsSnippet.mp3 in Resources */,
				91990D771A92869100553594 /* PowerUpOne.mp3 in Resources */,
				91CEB78A1A8BB2CD0055CB17 /* Main.storyboard in Resources */,
			);
			runOnlyForDeploymentPostprocessing = 0;
		};
		91CEB7921A8BB2CD0055CB17 /* Resources */ = {
			isa = PBXResourcesBuildPhase;
			buildActionMask = 2147483647;
			files = (
			);
			runOnlyForDeploymentPostprocessing = 0;
		};
/* End PBXResourcesBuildPhase section */

/* Begin PBXShellScriptBuildPhase section */
		8A35F7891A96B65D00E90FE0 /* ShellScript */ = {
			isa = PBXShellScriptBuildPhase;
			buildActionMask = 2147483647;
			files = (
			);
			inputPaths = (
			);
			outputPaths = (
			);
			runOnlyForDeploymentPostprocessing = 0;
			shellPath = /bin/sh;
			shellScript = "./Fabric.framework/run cada6c277bd8e193d52852718404f99c4b8db85a fb45038153125d05bdb976b4193246baca7d55cc3c214434af94589d4c314306";
		};
/* End PBXShellScriptBuildPhase section */

/* Begin PBXSourcesBuildPhase section */
		91CEB7771A8BB2CD0055CB17 /* Sources */ = {
			isa = PBXSourcesBuildPhase;
			buildActionMask = 2147483647;
			files = (
				91E7497A1A9CFD1C006BBB3E /* Bomb.swift in Sources */,
				91CEB7851A8BB2CD0055CB17 /* GameScene.swift in Sources */,
				915A81EC1A95393900509664 /* ScoreLabels.swift in Sources */,
				8A5FF5D11A98F63F00E02B2A /* TutorialViewController.swift in Sources */,
				8A0A126A1A8D3B0D006B69C9 /* Obstruction.swift in Sources */,
				91CEB7871A8BB2CD0055CB17 /* GameViewController.swift in Sources */,
				F74CBD251A926A7F006D283C /* PlayerSelection.swift in Sources */,
				91CEB7A71A8BD02D0055CB17 /* Soldier.swift in Sources */,
				916376461A993B2600C3D4FC /* LeaderBoardCell.swift in Sources */,
				F77B4F621A990EF80026E7C7 /* LeaderBoardViewController.swift in Sources */,
				9110209A1A8D3D1D002532E9 /* Bullet.swift in Sources */,
				91CEB7811A8BB2CD0055CB17 /* AppDelegate.swift in Sources */,
				91A7931C1A9A4BC000FAC054 /* MainMenuViewController.swift in Sources */,
				F74CBD231A9268A8006D283C /* Login.swift in Sources */,
				8A5FF5CF1A98F53100E02B2A /* TutorialScene.swift in Sources */,
				8AFEE4871A8E9C6B00BF6D79 /* Platform.swift in Sources */,
				91DD163E1A8E51E0004742FA /* GirlSoldier.swift in Sources */,
				914ABA451A8D08EA008039D7 /* Object.swift in Sources */,
				915A81EA1A95336100509664 /* PhysicsCategory.swift in Sources */,
				8AFEE4891A8E9EAC00BF6D79 /* PowerUp.swift in Sources */,
				9110209C1A8D45EE002532E9 /* WorldGenerator.swift in Sources */,
				91CEB7A91A8C07C20055CB17 /* ControllerButton.swift in Sources */,
				F7A80E281A916B840059F987 /* SignupScreen.swift in Sources */,
			);
			runOnlyForDeploymentPostprocessing = 0;
		};
		91CEB7901A8BB2CD0055CB17 /* Sources */ = {
			isa = PBXSourcesBuildPhase;
			buildActionMask = 2147483647;
			files = (
				91CEB79B1A8BB2CD0055CB17 /* SpriteKitGameMMTests.swift in Sources */,
			);
			runOnlyForDeploymentPostprocessing = 0;
		};
/* End PBXSourcesBuildPhase section */

/* Begin PBXTargetDependency section */
		91CEB7961A8BB2CD0055CB17 /* PBXTargetDependency */ = {
			isa = PBXTargetDependency;
			target = 91CEB77A1A8BB2CD0055CB17 /* SpriteKitGameMM */;
			targetProxy = 91CEB7951A8BB2CD0055CB17 /* PBXContainerItemProxy */;
		};
/* End PBXTargetDependency section */

/* Begin PBXVariantGroup section */
		91CEB7881A8BB2CD0055CB17 /* Main.storyboard */ = {
			isa = PBXVariantGroup;
			children = (
				91CEB7891A8BB2CD0055CB17 /* Base */,
			);
			name = Main.storyboard;
			path = SpriteKitGameMM;
			sourceTree = "<group>";
		};
		91CEB78D1A8BB2CD0055CB17 /* LaunchScreen.xib */ = {
			isa = PBXVariantGroup;
			children = (
				91CEB78E1A8BB2CD0055CB17 /* Base */,
			);
			name = LaunchScreen.xib;
			sourceTree = "<group>";
		};
/* End PBXVariantGroup section */

/* Begin XCBuildConfiguration section */
		91CEB79C1A8BB2CD0055CB17 /* Debug */ = {
			isa = XCBuildConfiguration;
			buildSettings = {
				ALWAYS_SEARCH_USER_PATHS = NO;
				CLANG_CXX_LANGUAGE_STANDARD = "gnu++0x";
				CLANG_CXX_LIBRARY = "libc++";
				CLANG_ENABLE_MODULES = YES;
				CLANG_ENABLE_OBJC_ARC = YES;
				CLANG_WARN_BOOL_CONVERSION = YES;
				CLANG_WARN_CONSTANT_CONVERSION = YES;
				CLANG_WARN_DIRECT_OBJC_ISA_USAGE = YES_ERROR;
				CLANG_WARN_EMPTY_BODY = YES;
				CLANG_WARN_ENUM_CONVERSION = YES;
				CLANG_WARN_INT_CONVERSION = YES;
				CLANG_WARN_OBJC_ROOT_CLASS = YES_ERROR;
				CLANG_WARN_UNREACHABLE_CODE = YES;
				CLANG_WARN__DUPLICATE_METHOD_MATCH = YES;
				"CODE_SIGN_IDENTITY[sdk=iphoneos*]" = "iPhone Developer";
				COPY_PHASE_STRIP = NO;
				ENABLE_STRICT_OBJC_MSGSEND = YES;
				GCC_C_LANGUAGE_STANDARD = gnu99;
				GCC_DYNAMIC_NO_PIC = NO;
				GCC_OPTIMIZATION_LEVEL = 0;
				GCC_PREPROCESSOR_DEFINITIONS = (
					"DEBUG=1",
					"$(inherited)",
				);
				GCC_SYMBOLS_PRIVATE_EXTERN = NO;
				GCC_WARN_64_TO_32_BIT_CONVERSION = YES;
				GCC_WARN_ABOUT_RETURN_TYPE = YES_ERROR;
				GCC_WARN_UNDECLARED_SELECTOR = YES;
				GCC_WARN_UNINITIALIZED_AUTOS = YES_AGGRESSIVE;
				GCC_WARN_UNUSED_FUNCTION = YES;
				GCC_WARN_UNUSED_VARIABLE = YES;
				IPHONEOS_DEPLOYMENT_TARGET = 7.1;
				MTL_ENABLE_DEBUG_INFO = YES;
				ONLY_ACTIVE_ARCH = YES;
				SDKROOT = iphoneos;
				SWIFT_OPTIMIZATION_LEVEL = "-Onone";
			};
			name = Debug;
		};
		91CEB79D1A8BB2CD0055CB17 /* Release */ = {
			isa = XCBuildConfiguration;
			buildSettings = {
				ALWAYS_SEARCH_USER_PATHS = NO;
				CLANG_CXX_LANGUAGE_STANDARD = "gnu++0x";
				CLANG_CXX_LIBRARY = "libc++";
				CLANG_ENABLE_MODULES = YES;
				CLANG_ENABLE_OBJC_ARC = YES;
				CLANG_WARN_BOOL_CONVERSION = YES;
				CLANG_WARN_CONSTANT_CONVERSION = YES;
				CLANG_WARN_DIRECT_OBJC_ISA_USAGE = YES_ERROR;
				CLANG_WARN_EMPTY_BODY = YES;
				CLANG_WARN_ENUM_CONVERSION = YES;
				CLANG_WARN_INT_CONVERSION = YES;
				CLANG_WARN_OBJC_ROOT_CLASS = YES_ERROR;
				CLANG_WARN_UNREACHABLE_CODE = YES;
				CLANG_WARN__DUPLICATE_METHOD_MATCH = YES;
				"CODE_SIGN_IDENTITY[sdk=iphoneos*]" = "iPhone Developer";
				COPY_PHASE_STRIP = YES;
				ENABLE_NS_ASSERTIONS = NO;
				ENABLE_STRICT_OBJC_MSGSEND = YES;
				GCC_C_LANGUAGE_STANDARD = gnu99;
				GCC_WARN_64_TO_32_BIT_CONVERSION = YES;
				GCC_WARN_ABOUT_RETURN_TYPE = YES_ERROR;
				GCC_WARN_UNDECLARED_SELECTOR = YES;
				GCC_WARN_UNINITIALIZED_AUTOS = YES_AGGRESSIVE;
				GCC_WARN_UNUSED_FUNCTION = YES;
				GCC_WARN_UNUSED_VARIABLE = YES;
				IPHONEOS_DEPLOYMENT_TARGET = 7.1;
				MTL_ENABLE_DEBUG_INFO = NO;
				SDKROOT = iphoneos;
				VALIDATE_PRODUCT = YES;
			};
			name = Release;
		};
		91CEB79F1A8BB2CD0055CB17 /* Debug */ = {
			isa = XCBuildConfiguration;
			buildSettings = {
				ASSETCATALOG_COMPILER_APPICON_NAME = AppIcon;
				CODE_SIGN_IDENTITY = "iPhone Developer";
				"CODE_SIGN_IDENTITY[sdk=iphoneos*]" = "iPhone Developer";
				FRAMEWORK_SEARCH_PATHS = (
					"$(inherited)",
					"$(PROJECT_DIR)/SpriteKitGameMM/parse1",
					/Users/ryangunn/Documents/FacebookSDK,
					"$(PROJECT_DIR)/SpriteKitGameMM",
					"$(PROJECT_DIR)",
				);
				INFOPLIST_FILE = SpriteKitGameMM/Info.plist;
				IPHONEOS_DEPLOYMENT_TARGET = 8.0;
				LD_RUNPATH_SEARCH_PATHS = "$(inherited) @executable_path/Frameworks";
				PRODUCT_NAME = "$(TARGET_NAME)";
				PROVISIONING_PROFILE = "";
				SWIFT_OBJC_BRIDGING_HEADER = SpriteKitGameMM/BridgeHeader.h;
			};
			name = Debug;
		};
		91CEB7A01A8BB2CD0055CB17 /* Release */ = {
			isa = XCBuildConfiguration;
			buildSettings = {
				ASSETCATALOG_COMPILER_APPICON_NAME = AppIcon;
				CODE_SIGN_IDENTITY = "iPhone Developer";
				"CODE_SIGN_IDENTITY[sdk=iphoneos*]" = "iPhone Developer";
				FRAMEWORK_SEARCH_PATHS = (
					"$(inherited)",
					"$(PROJECT_DIR)/SpriteKitGameMM/parse1",
					/Users/ryangunn/Documents/FacebookSDK,
					"$(PROJECT_DIR)/SpriteKitGameMM",
					"$(PROJECT_DIR)",
				);
				INFOPLIST_FILE = SpriteKitGameMM/Info.plist;
				IPHONEOS_DEPLOYMENT_TARGET = 8.0;
				LD_RUNPATH_SEARCH_PATHS = "$(inherited) @executable_path/Frameworks";
				PRODUCT_NAME = "$(TARGET_NAME)";
				PROVISIONING_PROFILE = "";
				SWIFT_OBJC_BRIDGING_HEADER = SpriteKitGameMM/BridgeHeader.h;
			};
			name = Release;
		};
		91CEB7A21A8BB2CD0055CB17 /* Debug */ = {
			isa = XCBuildConfiguration;
			buildSettings = {
				BUNDLE_LOADER = "$(TEST_HOST)";
				FRAMEWORK_SEARCH_PATHS = (
					"$(SDKROOT)/Developer/Library/Frameworks",
					"$(inherited)",
				);
				GCC_PREPROCESSOR_DEFINITIONS = (
					"DEBUG=1",
					"$(inherited)",
				);
				INFOPLIST_FILE = SpriteKitGameMMTests/Info.plist;
				LD_RUNPATH_SEARCH_PATHS = "$(inherited) @executable_path/Frameworks @loader_path/Frameworks";
				PRODUCT_NAME = "$(TARGET_NAME)";
				TEST_HOST = "$(BUILT_PRODUCTS_DIR)/SpriteKitGameMM.app/SpriteKitGameMM";
			};
			name = Debug;
		};
		91CEB7A31A8BB2CD0055CB17 /* Release */ = {
			isa = XCBuildConfiguration;
			buildSettings = {
				BUNDLE_LOADER = "$(TEST_HOST)";
				FRAMEWORK_SEARCH_PATHS = (
					"$(SDKROOT)/Developer/Library/Frameworks",
					"$(inherited)",
				);
				INFOPLIST_FILE = SpriteKitGameMMTests/Info.plist;
				LD_RUNPATH_SEARCH_PATHS = "$(inherited) @executable_path/Frameworks @loader_path/Frameworks";
				PRODUCT_NAME = "$(TARGET_NAME)";
				TEST_HOST = "$(BUILT_PRODUCTS_DIR)/SpriteKitGameMM.app/SpriteKitGameMM";
			};
			name = Release;
		};
/* End XCBuildConfiguration section */

/* Begin XCConfigurationList section */
		91CEB7761A8BB2CD0055CB17 /* Build configuration list for PBXProject "SpriteKitGameMM" */ = {
			isa = XCConfigurationList;
			buildConfigurations = (
				91CEB79C1A8BB2CD0055CB17 /* Debug */,
				91CEB79D1A8BB2CD0055CB17 /* Release */,
			);
			defaultConfigurationIsVisible = 0;
			defaultConfigurationName = Release;
		};
		91CEB79E1A8BB2CD0055CB17 /* Build configuration list for PBXNativeTarget "SpriteKitGameMM" */ = {
			isa = XCConfigurationList;
			buildConfigurations = (
				91CEB79F1A8BB2CD0055CB17 /* Debug */,
				91CEB7A01A8BB2CD0055CB17 /* Release */,
			);
			defaultConfigurationIsVisible = 0;
			defaultConfigurationName = Release;
		};
		91CEB7A11A8BB2CD0055CB17 /* Build configuration list for PBXNativeTarget "SpriteKitGameMMTests" */ = {
			isa = XCConfigurationList;
			buildConfigurations = (
				91CEB7A21A8BB2CD0055CB17 /* Debug */,
				91CEB7A31A8BB2CD0055CB17 /* Release */,
			);
			defaultConfigurationIsVisible = 0;
			defaultConfigurationName = Release;
		};
/* End XCConfigurationList section */
	};
	rootObject = 91CEB7731A8BB2CD0055CB17 /* Project object */;
}
